<?xml version="1.0" encoding="utf-8"?>
<Project ToolsVersion="4.0" xmlns="http://schemas.microsoft.com/developer/msbuild/2003">
  <ItemGroup>
    <Filter Include="Resource Files">
      <UniqueIdentifier>{c1387139-4675-44da-83ed-3360bbbc0568}</UniqueIdentifier>
      <Extensions>ico;cur;bmp;dlg;rc2;rct;bin;rgs;gif;jpg;jpeg;jpe</Extensions>
    </Filter>
    <Filter Include="Zlib Source">
      <UniqueIdentifier>{e2e635fd-1c9e-4a39-a951-137439862422}</UniqueIdentifier>
    </Filter>
    <Filter Include="Zlib Header">
      <UniqueIdentifier>{188bf492-5a10-460c-a8f6-2be14d00fb94}</UniqueIdentifier>
    </Filter>
  </ItemGroup>
  <ItemGroup>
    <ClCompile Include="unzip.c">
      <Filter>Zlib Source</Filter>
    </ClCompile>
    <ClCompile Include="x86fpu.cpp" />
    <ClCompile Include="BreakPoints.cpp" />
    <ClCompile Include="Cheat.cpp" />
    <ClCompile Include="CPU.cpp" />
    <ClCompile Include="CPULog.cpp" />
    <ClCompile Include="DMA.cpp" />
    <ClCompile Include="Eeprom.cpp" />
    <ClCompile Include="Exception.cpp" />
    <ClCompile Include="FlashRam.cpp" />
    <ClCompile Include="InterpreterCPU.cpp" />
    <ClCompile Include="InterpreterOps.cpp" />
    <ClCompile Include="Language.cpp" />
    <ClCompile Include="Logging.cpp" />
    <ClCompile Include="Main.cpp" />
    <ClCompile Include="main2.cpp" />
    <ClCompile Include="mapping.cpp" />
    <ClCompile Include="Memory.cpp" />
    <ClCompile Include="Mempak.cpp" />
    <ClCompile Include="MemTest.cpp" />
    <ClCompile Include="pif.cpp" />
    <ClCompile Include="Plugin.cpp" />
    <ClCompile Include="Profiling.cpp" />
    <ClCompile Include="r4300iCommands.cpp" />
    <ClCompile Include="r4300iMemory.cpp" />
    <ClCompile Include="r4300iRegisters.cpp" />
    <ClCompile Include="RecompilerCPU.cpp" />
    <ClCompile Include="RecompilerFpuOps.cpp" />
    <ClCompile Include="RecompilerOps.cpp" />
    <ClCompile Include="Registers.cpp" />
    <ClCompile Include="rom.cpp" />
    <ClCompile Include="RomBrowser.cpp" />
    <ClCompile Include="Settings Api.cpp" />
    <ClCompile Include="Settings.cpp" />
    <ClCompile Include="Sram.cpp" />
    <ClCompile Include="TLB.cpp" />
    <ClCompile Include="Win32Timer.cpp" />
    <ClCompile Include="X86.cpp" />
    <ClCompile Include="SyncCPU.cpp" />
    <ClCompile Include="TLBDisplay.cpp" />
  </ItemGroup>
  <ItemGroup>
    <ClInclude Include="unzip.h">
      <Filter>Zlib Header</Filter>
    </ClInclude>
    <ClInclude Include="zconf.h">
      <Filter>Zlib Header</Filter>
    </ClInclude>
    <ClInclude Include="zip.h">
      <Filter>Zlib Header</Filter>
    </ClInclude>
    <ClInclude Include="zlib.h">
      <Filter>Zlib Header</Filter>
    </ClInclude>
    <ClInclude Include="BreakPoints.h" />
    <ClInclude Include="X86.h" />
    <ClInclude Include="Cheats.h" />
    <ClInclude Include="CPU Log.h" />
    <ClInclude Include="CPU.h" />
    <ClInclude Include="Debugger.h" />
    <ClInclude Include="DMA.h" />
    <ClInclude Include="Eeprom.h" />
    <ClInclude Include="Exception.h" />
    <ClInclude Include="Flashram.h" />
    <ClInclude Include="HTMLHELP.H" />
    <ClInclude Include="InterpreterCPU.h" />
    <ClInclude Include="InterpreterOps.h" />
    <ClInclude Include="Language.h" />
    <ClInclude Include="Logging.h" />
    <ClInclude Include="main.h" />
    <ClInclude Include="Mapping.h" />
    <ClInclude Include="Memory.h" />
    <ClInclude Include="mempak.h" />
    <ClInclude Include="MemTest.h" />
    <ClInclude Include="OpCode.h" />
    <ClInclude Include="pif.h" />
    <ClInclude Include="Plugin.h" />
    <ClInclude Include="Profiling.h" />
    <ClInclude Include="r4300iCommands.h" />
    <ClInclude Include="r4300iMemory.h" />
    <ClInclude Include="r4300iRegisters.h" />
    <ClInclude Include="RecompilerCPU.h" />
    <ClInclude Include="RecompilerOps.h" />
    <ClInclude Include="Registers.h" />
    <ClInclude Include="resource.h" />
    <ClInclude Include="Rom.h" />
    <ClInclude Include="RomBrowser.h" />
    <ClInclude Include="Settings Api.h" />
    <ClInclude Include="Settings.h" />
    <ClInclude Include="Sram.h" />
    <ClInclude Include="StdAfx.h" />
    <ClInclude Include="tlb.h" />
    <ClInclude Include="Types.h" />
    <ClInclude Include="Win32Timer.h" />
    <ClInclude Include="SyncCPU.h" />
    <ClInclude Include="tlbDisplay.h" />
  </ItemGroup>
  <ItemGroup>
    <ResourceCompile Include="PJ64.rc">
      <Filter>Resource Files</Filter>
    </ResourceCompile>
  </ItemGroup>
  <ItemGroup>
    <CustomBuild Include="contract.ico">
      <Filter>Resource Files</Filter>
    </CustomBuild>
    <CustomBuild Include="expand.ico">
      <Filter>Resource Files</Filter>
    </CustomBuild>
    <CustomBuild Include="ico00001.ico">
      <Filter>Resource Files</Filter>
    </CustomBuild>
    <CustomBuild Include="icon1.ico">
      <Filter>Resource Files</Filter>
    </CustomBuild>
    <CustomBuild Include="left.ico">
      <Filter>Resource Files</Filter>
    </CustomBuild>
    <CustomBuild Include="pj64.BMP">
      <Filter>Resource Files</Filter>
    </CustomBuild>
    <CustomBuild Include="pj64.ico">
      <Filter>Resource Files</Filter>
    </CustomBuild>
    <CustomBuild Include="right.ico">
      <Filter>Resource Files</Filter>
    </CustomBuild>
    <CustomBuild Include="tri-state.bmp">
      <Filter>Resource Files</Filter>
    </CustomBuild>
    <CustomBuild Include="about.htm" />
  </ItemGroup>
</Project>